
Microsoft Visual Studio Solution File, Format Version 12.00
# Visual Studio Version 16
VisualStudioVersion = 16.0.29326.143
MinimumVisualStudioVersion = 10.0.40219.1
Project("{FAE04EC0-301F-11D3-BF4B-00C04F79EFBC}") = "ProgettoLavoratori2", "ProgettoLavoratori2\ProgettoLavoratori2.csproj", "{3B487D6B-5540-4BAE-BEAB-76946795D1A8}"
EndProject
Global
	GlobalSection(SolutionConfigurationPlatforms) = preSolution
		Debug|Any CPU = Debug|Any CPU
		Release|Any CPU = Release|Any CPU
	EndGlobalSection
	GlobalSection(ProjectConfigurationPlatforms) = postSolution
		{3B487D6B-5540-4BAE-BEAB-76946795D1A8}.Debug|Any CPU.ActiveCfg = Debug|Any CPU
		{3B487D6B-5540-4BAE-BEAB-76946795D1A8}.Debug|Any CPU.Build.0 = Debug|Any CPU
		{3B487D6B-5540-4BAE-BEAB-76946795D1A8}.Release|Any CPU.ActiveCfg = Release|Any CPU
		{3B487D6B-5540-4BAE-BEAB-76946795D1A8}.Release|Any CPU.Build.0 = Release|Any CPU
	EndGlobalSection
	GlobalSection(SolutionProperties) = preSolution
		HideSolutionNode = FALSE
	EndGlobalSection
	GlobalSection(ExtensibilityGlobals) = postSolution
		SolutionGuid = {D07D0959-A822-4998-A62F-12BBA2FA0DC2}
	EndGlobalSection
EndGlobal
